
Microsoft Visual Studio Solution File, Format Version 12.00
# Visual Studio 2013
VisualStudioVersion = 12.0.20827.3
MinimumVisualStudioVersion = 10.0.40219.1
Project("{8BC9CEB8-8B4A-11D0-8D11-00A0C91BC942}") = "HW3_NazmusKhandaker_Armageddon", "HW3_NazmusKhandaker_Armageddon\HW3_NazmusKhandaker_Armageddon.vcxproj", "{AAF279AD-030A-46D3-911C-6BE689BB9500}"
EndProject
Global
	GlobalSection(SolutionConfigurationPlatforms) = preSolution
		Debug|Win32 = Debug|Win32
		Release|Win32 = Release|Win32
	EndGlobalSection
	GlobalSection(ProjectConfigurationPlatforms) = postSolution
		{AAF279AD-030A-46D3-911C-6BE689BB9500}.Debug|Win32.ActiveCfg = Debug|Win32
		{AAF279AD-030A-46D3-911C-6BE689BB9500}.Debug|Win32.Build.0 = Debug|Win32
		{AAF279AD-030A-46D3-911C-6BE689BB9500}.Release|Win32.ActiveCfg = Release|Win32
		{AAF279AD-030A-46D3-911C-6BE689BB9500}.Release|Win32.Build.0 = Release|Win32
	EndGlobalSection
	GlobalSection(SolutionProperties) = preSolution
		HideSolutionNode = FALSE
	EndGlobalSection
EndGlobal
