
Microsoft Visual Studio Solution File, Format Version 12.00
# Visual Studio 2013
VisualStudioVersion = 12.0.20827.3
MinimumVisualStudioVersion = 10.0.40219.1
Project("{8BC9CEB8-8B4A-11D0-8D11-00A0C91BC942}") = "HW1_NazmusKhandaker_CourseInfo", "HW1_NazmusKhandaker_CourseInfo\HW1_NazmusKhandaker_CourseInfo.vcxproj", "{5E02B6A4-B20A-4F53-B157-3D00A8A37BD0}"
EndProject
Global
	GlobalSection(SolutionConfigurationPlatforms) = preSolution
		Debug|Win32 = Debug|Win32
		Release|Win32 = Release|Win32
	EndGlobalSection
	GlobalSection(ProjectConfigurationPlatforms) = postSolution
		{5E02B6A4-B20A-4F53-B157-3D00A8A37BD0}.Debug|Win32.ActiveCfg = Debug|Win32
		{5E02B6A4-B20A-4F53-B157-3D00A8A37BD0}.Debug|Win32.Build.0 = Debug|Win32
		{5E02B6A4-B20A-4F53-B157-3D00A8A37BD0}.Release|Win32.ActiveCfg = Release|Win32
		{5E02B6A4-B20A-4F53-B157-3D00A8A37BD0}.Release|Win32.Build.0 = Release|Win32
	EndGlobalSection
	GlobalSection(SolutionProperties) = preSolution
		HideSolutionNode = FALSE
	EndGlobalSection
EndGlobal
